
Microsoft Visual Studio Solution File, Format Version 12.00
# Visual Studio Version 16
VisualStudioVersion = 16.0.29613.14
MinimumVisualStudioVersion = 10.0.40219.1
Project("{FAE04EC0-301F-11D3-BF4B-00C04F79EFBC}") = "WebSystemscSharp", "WebSystemscSharp\WebSystemscSharp.csproj", "{31F7F35B-4F00-4EC3-89FB-1818D1368A59}"
EndProject
Global
	GlobalSection(SolutionConfigurationPlatforms) = preSolution
		Debug|Any CPU = Debug|Any CPU
		Release|Any CPU = Release|Any CPU
	EndGlobalSection
	GlobalSection(ProjectConfigurationPlatforms) = postSolution
		{31F7F35B-4F00-4EC3-89FB-1818D1368A59}.Debug|Any CPU.ActiveCfg = Debug|Any CPU
		{31F7F35B-4F00-4EC3-89FB-1818D1368A59}.Debug|Any CPU.Build.0 = Debug|Any CPU
		{31F7F35B-4F00-4EC3-89FB-1818D1368A59}.Release|Any CPU.ActiveCfg = Release|Any CPU
		{31F7F35B-4F00-4EC3-89FB-1818D1368A59}.Release|Any CPU.Build.0 = Release|Any CPU
	EndGlobalSection
	GlobalSection(SolutionProperties) = preSolution
		HideSolutionNode = FALSE
	EndGlobalSection
	GlobalSection(ExtensibilityGlobals) = postSolution
		SolutionGuid = {28ABC758-AE42-45C5-B80F-F0C592908283}
	EndGlobalSection
EndGlobal
